
Microsoft Visual Studio Solution File, Format Version 12.00
# Visual Studio 15
VisualStudioVersion = 15.0.28307.705
MinimumVisualStudioVersion = 10.0.40219.1
Project("{FAE04EC0-301F-11D3-BF4B-00C04F79EFBC}") = "ConsoleRestFullService", "ConsoleRestFullService\ConsoleRestFullService.csproj", "{120D1820-9DC9-485A-8188-2C2D2F54212F}"
EndProject
Global
	GlobalSection(SolutionConfigurationPlatforms) = preSolution
		Debug|Any CPU = Debug|Any CPU
		Release|Any CPU = Release|Any CPU
	EndGlobalSection
	GlobalSection(ProjectConfigurationPlatforms) = postSolution
		{120D1820-9DC9-485A-8188-2C2D2F54212F}.Debug|Any CPU.ActiveCfg = Debug|Any CPU
		{120D1820-9DC9-485A-8188-2C2D2F54212F}.Debug|Any CPU.Build.0 = Debug|Any CPU
		{120D1820-9DC9-485A-8188-2C2D2F54212F}.Release|Any CPU.ActiveCfg = Release|Any CPU
		{120D1820-9DC9-485A-8188-2C2D2F54212F}.Release|Any CPU.Build.0 = Release|Any CPU
	EndGlobalSection
	GlobalSection(SolutionProperties) = preSolution
		HideSolutionNode = FALSE
	EndGlobalSection
	GlobalSection(ExtensibilityGlobals) = postSolution
		SolutionGuid = {0E6F6A7F-E793-4FD8-9CE4-86D528BFF5E5}
	EndGlobalSection
EndGlobal
